// !$*UTF8*$!
{
	archiveVersion = 1;
	classes = {
	};
	objectVersion = 56;
	objects = {

/* Begin PBXBuildFile section */
		9E887C2E2B031D7C00D208DD /* SignInView.swift in Sources */ = {isa = PBXBuildFile; fileRef = 9E887C2D2B031D7C00D208DD /* SignInView.swift */; };
		9E887C302B031D8600D208DD /* SingUpView.swift in Sources */ = {isa = PBXBuildFile; fileRef = 9E887C2F2B031D8600D208DD /* SingUpView.swift */; };
		9EB6D76E2AF8727F00ED214C /* PersonalBlogApp.swift in Sources */ = {isa = PBXBuildFile; fileRef = 9EB6D76D2AF8727F00ED214C /* PersonalBlogApp.swift */; };
		9EB6D7702AF8727F00ED214C /* MainView.swift in Sources */ = {isa = PBXBuildFile; fileRef = 9EB6D76F2AF8727F00ED214C /* MainView.swift */; };
		9EB6D7722AF8728000ED214C /* Assets.xcassets in Resources */ = {isa = PBXBuildFile; fileRef = 9EB6D7712AF8728000ED214C /* Assets.xcassets */; };
		9EB6D7752AF8728000ED214C /* Preview Assets.xcassets in Resources */ = {isa = PBXBuildFile; fileRef = 9EB6D7742AF8728000ED214C /* Preview Assets.xcassets */; };
		9EB6D7812AF8734900ED214C /* Launch Screen.storyboard in Resources */ = {isa = PBXBuildFile; fileRef = 9EB6D7802AF8734900ED214C /* Launch Screen.storyboard */; };
		9EB6D7832AF8777000ED214C /* GoogleService-Info.plist in Resources */ = {isa = PBXBuildFile; fileRef = 9EB6D7822AF8777000ED214C /* GoogleService-Info.plist */; };
		9EB6D7862AF877CC00ED214C /* FirebaseAnalytics in Frameworks */ = {isa = PBXBuildFile; productRef = 9EB6D7852AF877CC00ED214C /* FirebaseAnalytics */; };
		9EB6D78A2AF877CC00ED214C /* FirebaseAnalyticsSwift in Frameworks */ = {isa = PBXBuildFile; productRef = 9EB6D7892AF877CC00ED214C /* FirebaseAnalyticsSwift */; };
		9EB6D7922AF877CC00ED214C /* FirebaseAuth in Frameworks */ = {isa = PBXBuildFile; productRef = 9EB6D7912AF877CC00ED214C /* FirebaseAuth */; };
		9EB6D7962AF877CC00ED214C /* FirebaseCrashlytics in Frameworks */ = {isa = PBXBuildFile; productRef = 9EB6D7952AF877CC00ED214C /* FirebaseCrashlytics */; };
		9EB6D79E2AF877CC00ED214C /* FirebaseFirestore in Frameworks */ = {isa = PBXBuildFile; productRef = 9EB6D79D2AF877CC00ED214C /* FirebaseFirestore */; };
		9EB6D7A22AF877CC00ED214C /* FirebaseFirestoreSwift in Frameworks */ = {isa = PBXBuildFile; productRef = 9EB6D7A12AF877CC00ED214C /* FirebaseFirestoreSwift */; };
		9EB6D7AC2AF877CC00ED214C /* FirebaseInstallations in Frameworks */ = {isa = PBXBuildFile; productRef = 9EB6D7AB2AF877CC00ED214C /* FirebaseInstallations */; };
		9EB6D7B82AF877CC00ED214C /* FirebaseStorage in Frameworks */ = {isa = PBXBuildFile; productRef = 9EB6D7B72AF877CC00ED214C /* FirebaseStorage */; };
		9EB6D7BF2AF879EE00ED214C /* User.swift in Sources */ = {isa = PBXBuildFile; fileRef = 9EB6D7BE2AF879EE00ED214C /* User.swift */; };
		9EB6D7C12AF879F500ED214C /* BlogPost.swift in Sources */ = {isa = PBXBuildFile; fileRef = 9EB6D7C02AF879F500ED214C /* BlogPost.swift */; };
		9EB6D7C32AF87A3100ED214C /* Extension.swift in Sources */ = {isa = PBXBuildFile; fileRef = 9EB6D7C22AF87A3100ED214C /* Extension.swift */; };
		9EB6D7C52AF87AF200ED214C /* MainViewViewModel.swift in Sources */ = {isa = PBXBuildFile; fileRef = 9EB6D7C42AF87AF200ED214C /* MainViewViewModel.swift */; };
		9EB6D7C92AF87CDD00ED214C /* HomeView.swift in Sources */ = {isa = PBXBuildFile; fileRef = 9EB6D7C82AF87CDD00ED214C /* HomeView.swift */; };
		9EB6D7CB2AF87CE700ED214C /* ProfileView.swift in Sources */ = {isa = PBXBuildFile; fileRef = 9EB6D7CA2AF87CE700ED214C /* ProfileView.swift */; };
		9EB6D7CD2AF87E3100ED214C /* HomeViewViewModel.swift in Sources */ = {isa = PBXBuildFile; fileRef = 9EB6D7CC2AF87E3100ED214C /* HomeViewViewModel.swift */; };
		9EB6D7CF2AF8BEB400ED214C /* BlogPostItemView.swift in Sources */ = {isa = PBXBuildFile; fileRef = 9EB6D7CE2AF8BEB400ED214C /* BlogPostItemView.swift */; };
		9EB6D7D62AF8C56D00ED214C /* BlogPostItemViewHeaderView.swift in Sources */ = {isa = PBXBuildFile; fileRef = 9EB6D7D52AF8C56D00ED214C /* BlogPostItemViewHeaderView.swift */; };
		9EB6D7D82AF8C5DF00ED214C /* BlogPostItemViewBodyView.swift in Sources */ = {isa = PBXBuildFile; fileRef = 9EB6D7D72AF8C5DF00ED214C /* BlogPostItemViewBodyView.swift */; };
		9EB6D7DA2AF8C63700ED214C /* BlogPostItemViewFooterView.swift in Sources */ = {isa = PBXBuildFile; fileRef = 9EB6D7D92AF8C63700ED214C /* BlogPostItemViewFooterView.swift */; };
		9EB6D7DC2AF9E0C100ED214C /* UserBlogPosts.swift in Sources */ = {isa = PBXBuildFile; fileRef = 9EB6D7DB2AF9E0C100ED214C /* UserBlogPosts.swift */; };
		9EB6D7DE2AFB3D6600ED214C /* BlogPostItemDetailView.swift in Sources */ = {isa = PBXBuildFile; fileRef = 9EB6D7DD2AFB3D6600ED214C /* BlogPostItemDetailView.swift */; };
		9EB6D7E22AFC87AD00ED214C /* ProfileViewViewModel.swift in Sources */ = {isa = PBXBuildFile; fileRef = 9EB6D7E12AFC87AD00ED214C /* ProfileViewViewModel.swift */; };
		9EB6D7E42AFC940E00ED214C /* BlogPostItemDetailViewModel.swift in Sources */ = {isa = PBXBuildFile; fileRef = 9EB6D7E32AFC940E00ED214C /* BlogPostItemDetailViewModel.swift */; };
		BD50BDD82B008A6E005250DB /* ProfilePostView.swift in Sources */ = {isa = PBXBuildFile; fileRef = BD50BDD72B008A6E005250DB /* ProfilePostView.swift */; };
/* End PBXBuildFile section */

/* Begin PBXFileReference section */
		9E887C2D2B031D7C00D208DD /* SignInView.swift */ = {isa = PBXFileReference; lastKnownFileType = sourcecode.swift; path = SignInView.swift; sourceTree = "<group>"; };
		9E887C2F2B031D8600D208DD /* SingUpView.swift */ = {isa = PBXFileReference; lastKnownFileType = sourcecode.swift; path = SingUpView.swift; sourceTree = "<group>"; };
		9EB6D76A2AF8727F00ED214C /* PersonalBlog.app */ = {isa = PBXFileReference; explicitFileType = wrapper.application; includeInIndex = 0; path = PersonalBlog.app; sourceTree = BUILT_PRODUCTS_DIR; };
		9EB6D76D2AF8727F00ED214C /* PersonalBlogApp.swift */ = {isa = PBXFileReference; lastKnownFileType = sourcecode.swift; path = PersonalBlogApp.swift; sourceTree = "<group>"; };
		9EB6D76F2AF8727F00ED214C /* MainView.swift */ = {isa = PBXFileReference; lastKnownFileType = sourcecode.swift; path = MainView.swift; sourceTree = "<group>"; };
		9EB6D7712AF8728000ED214C /* Assets.xcassets */ = {isa = PBXFileReference; lastKnownFileType = folder.assetcatalog; path = Assets.xcassets; sourceTree = "<group>"; };
		9EB6D7742AF8728000ED214C /* Preview Assets.xcassets */ = {isa = PBXFileReference; lastKnownFileType = folder.assetcatalog; path = "Preview Assets.xcassets"; sourceTree = "<group>"; };
		9EB6D7802AF8734900ED214C /* Launch Screen.storyboard */ = {isa = PBXFileReference; lastKnownFileType = file.storyboard; path = "Launch Screen.storyboard"; sourceTree = "<group>"; };
		9EB6D7822AF8777000ED214C /* GoogleService-Info.plist */ = {isa = PBXFileReference; fileEncoding = 4; lastKnownFileType = text.plist.xml; path = "GoogleService-Info.plist"; sourceTree = "<group>"; };
		9EB6D7BE2AF879EE00ED214C /* User.swift */ = {isa = PBXFileReference; lastKnownFileType = sourcecode.swift; path = User.swift; sourceTree = "<group>"; };
		9EB6D7C02AF879F500ED214C /* BlogPost.swift */ = {isa = PBXFileReference; lastKnownFileType = sourcecode.swift; path = BlogPost.swift; sourceTree = "<group>"; };
		9EB6D7C22AF87A3100ED214C /* Extension.swift */ = {isa = PBXFileReference; lastKnownFileType = sourcecode.swift; path = Extension.swift; sourceTree = "<group>"; };
		9EB6D7C42AF87AF200ED214C /* MainViewViewModel.swift */ = {isa = PBXFileReference; lastKnownFileType = sourcecode.swift; path = MainViewViewModel.swift; sourceTree = "<group>"; };
		9EB6D7C82AF87CDD00ED214C /* HomeView.swift */ = {isa = PBXFileReference; lastKnownFileType = sourcecode.swift; path = HomeView.swift; sourceTree = "<group>"; };
		9EB6D7CA2AF87CE700ED214C /* ProfileView.swift */ = {isa = PBXFileReference; lastKnownFileType = sourcecode.swift; path = ProfileView.swift; sourceTree = "<group>"; };
		9EB6D7CC2AF87E3100ED214C /* HomeViewViewModel.swift */ = {isa = PBXFileReference; lastKnownFileType = sourcecode.swift; path = HomeViewViewModel.swift; sourceTree = "<group>"; };
		9EB6D7CE2AF8BEB400ED214C /* BlogPostItemView.swift */ = {isa = PBXFileReference; lastKnownFileType = sourcecode.swift; path = BlogPostItemView.swift; sourceTree = "<group>"; };
		9EB6D7D52AF8C56D00ED214C /* BlogPostItemViewHeaderView.swift */ = {isa = PBXFileReference; lastKnownFileType = sourcecode.swift; path = BlogPostItemViewHeaderView.swift; sourceTree = "<group>"; };
		9EB6D7D72AF8C5DF00ED214C /* BlogPostItemViewBodyView.swift */ = {isa = PBXFileReference; lastKnownFileType = sourcecode.swift; path = BlogPostItemViewBodyView.swift; sourceTree = "<group>"; };
		9EB6D7D92AF8C63700ED214C /* BlogPostItemViewFooterView.swift */ = {isa = PBXFileReference; lastKnownFileType = sourcecode.swift; path = BlogPostItemViewFooterView.swift; sourceTree = "<group>"; };
		9EB6D7DB2AF9E0C100ED214C /* UserBlogPosts.swift */ = {isa = PBXFileReference; lastKnownFileType = sourcecode.swift; path = UserBlogPosts.swift; sourceTree = "<group>"; };
		9EB6D7DD2AFB3D6600ED214C /* BlogPostItemDetailView.swift */ = {isa = PBXFileReference; lastKnownFileType = sourcecode.swift; path = BlogPostItemDetailView.swift; sourceTree = "<group>"; };
		9EB6D7E12AFC87AD00ED214C /* ProfileViewViewModel.swift */ = {isa = PBXFileReference; lastKnownFileType = sourcecode.swift; path = ProfileViewViewModel.swift; sourceTree = "<group>"; };
		9EB6D7E32AFC940E00ED214C /* BlogPostItemDetailViewModel.swift */ = {isa = PBXFileReference; lastKnownFileType = sourcecode.swift; path = BlogPostItemDetailViewModel.swift; sourceTree = "<group>"; };
		BD50BDD72B008A6E005250DB /* ProfilePostView.swift */ = {isa = PBXFileReference; lastKnownFileType = sourcecode.swift; path = ProfilePostView.swift; sourceTree = "<group>"; };
/* End PBXFileReference section */

/* Begin PBXFrameworksBuildPhase section */
		9EB6D7672AF8727F00ED214C /* Frameworks */ = {
			isa = PBXFrameworksBuildPhase;
			buildActionMask = 2147483647;
			files = (
				9EB6D79E2AF877CC00ED214C /* FirebaseFirestore in Frameworks */,
				9EB6D78A2AF877CC00ED214C /* FirebaseAnalyticsSwift in Frameworks */,
				9EB6D7862AF877CC00ED214C /* FirebaseAnalytics in Frameworks */,
				9EB6D7A22AF877CC00ED214C /* FirebaseFirestoreSwift in Frameworks */,
				9EB6D7922AF877CC00ED214C /* FirebaseAuth in Frameworks */,
				9EB6D7962AF877CC00ED214C /* FirebaseCrashlytics in Frameworks */,
				9EB6D7B82AF877CC00ED214C /* FirebaseStorage in Frameworks */,
				9EB6D7AC2AF877CC00ED214C /* FirebaseInstallations in Frameworks */,
			);
			runOnlyForDeploymentPostprocessing = 0;
		};
/* End PBXFrameworksBuildPhase section */

/* Begin PBXGroup section */
		9E887C2C2B031D6800D208DD /* OnboardViews */ = {
			isa = PBXGroup;
			children = (
				9E887C2D2B031D7C00D208DD /* SignInView.swift */,
				9E887C2F2B031D8600D208DD /* SingUpView.swift */,
			);
			path = OnboardViews;
			sourceTree = "<group>";
		};
		9EB6D7612AF8727F00ED214C = {
			isa = PBXGroup;
			children = (
				9EB6D7BD2AF8789100ED214C /* Views */,
				9EB6D7BC2AF8782500ED214C /* ViewModels */,
				9EB6D7BB2AF8781300ED214C /* Models */,
				9EB6D77B2AF872E500ED214C /* Resources */,
				9EB6D76C2AF8727F00ED214C /* PersonalBlog */,
				9EB6D76B2AF8727F00ED214C /* Products */,
			);
			sourceTree = "<group>";
		};
		9EB6D76B2AF8727F00ED214C /* Products */ = {
			isa = PBXGroup;
			children = (
				9EB6D76A2AF8727F00ED214C /* PersonalBlog.app */,
			);
			name = Products;
			sourceTree = "<group>";
		};
		9EB6D76C2AF8727F00ED214C /* PersonalBlog */ = {
			isa = PBXGroup;
			children = (
				9EB6D7732AF8728000ED214C /* Preview Content */,
			);
			path = PersonalBlog;
			sourceTree = "<group>";
		};
		9EB6D7732AF8728000ED214C /* Preview Content */ = {
			isa = PBXGroup;
			children = (
				9EB6D7742AF8728000ED214C /* Preview Assets.xcassets */,
			);
			path = "Preview Content";
			sourceTree = "<group>";
		};
		9EB6D77B2AF872E500ED214C /* Resources */ = {
			isa = PBXGroup;
			children = (
				9EB6D76D2AF8727F00ED214C /* PersonalBlogApp.swift */,
				9EB6D7712AF8728000ED214C /* Assets.xcassets */,
				9EB6D7802AF8734900ED214C /* Launch Screen.storyboard */,
				9EB6D7822AF8777000ED214C /* GoogleService-Info.plist */,
				9EB6D7C22AF87A3100ED214C /* Extension.swift */,
			);
			path = Resources;
			sourceTree = "<group>";
		};
		9EB6D7BB2AF8781300ED214C /* Models */ = {
			isa = PBXGroup;
			children = (
				9EB6D7BE2AF879EE00ED214C /* User.swift */,
				9EB6D7C02AF879F500ED214C /* BlogPost.swift */,
				9EB6D7DB2AF9E0C100ED214C /* UserBlogPosts.swift */,
			);
			path = Models;
			sourceTree = "<group>";
		};
		9EB6D7BC2AF8782500ED214C /* ViewModels */ = {
			isa = PBXGroup;
			children = (
				9EB6D7C42AF87AF200ED214C /* MainViewViewModel.swift */,
				9EB6D7CC2AF87E3100ED214C /* HomeViewViewModel.swift */,
				9EB6D7E12AFC87AD00ED214C /* ProfileViewViewModel.swift */,
				9EB6D7E32AFC940E00ED214C /* BlogPostItemDetailViewModel.swift */,
			);
			path = ViewModels;
			sourceTree = "<group>";
		};
		9EB6D7BD2AF8789100ED214C /* Views */ = {
			isa = PBXGroup;
			children = (
				9E887C2C2B031D6800D208DD /* OnboardViews */,
				BD50BDD62B008A5D005250DB /* ProfileViews */,
				9EB6D7D42AF8C53200ED214C /* CoreViews */,
				9EB6D7D22AF8C50B00ED214C /* BlogPostItemViewElements */,
				9EB6D7CE2AF8BEB400ED214C /* BlogPostItemView.swift */,
				9EB6D7DD2AFB3D6600ED214C /* BlogPostItemDetailView.swift */,
			);
			path = Views;
			sourceTree = "<group>";
		};
		9EB6D7D22AF8C50B00ED214C /* BlogPostItemViewElements */ = {
			isa = PBXGroup;
			children = (
				9EB6D7D52AF8C56D00ED214C /* BlogPostItemViewHeaderView.swift */,
				9EB6D7D72AF8C5DF00ED214C /* BlogPostItemViewBodyView.swift */,
				9EB6D7D92AF8C63700ED214C /* BlogPostItemViewFooterView.swift */,
			);
			path = BlogPostItemViewElements;
			sourceTree = "<group>";
		};
		9EB6D7D42AF8C53200ED214C /* CoreViews */ = {
			isa = PBXGroup;
			children = (
				9EB6D7C82AF87CDD00ED214C /* HomeView.swift */,
				9EB6D76F2AF8727F00ED214C /* MainView.swift */,
				9EB6D7CA2AF87CE700ED214C /* ProfileView.swift */,
			);
			path = CoreViews;
			sourceTree = "<group>";
		};
		BD50BDD62B008A5D005250DB /* ProfileViews */ = {
			isa = PBXGroup;
			children = (
				BD50BDD72B008A6E005250DB /* ProfilePostView.swift */,
			);
			path = ProfileViews;
			sourceTree = "<group>";
		};
/* End PBXGroup section */

/* Begin PBXNativeTarget section */
		9EB6D7692AF8727F00ED214C /* PersonalBlog */ = {
			isa = PBXNativeTarget;
			buildConfigurationList = 9EB6D7782AF8728000ED214C /* Build configuration list for PBXNativeTarget "PersonalBlog" */;
			buildPhases = (
				9EB6D7662AF8727F00ED214C /* Sources */,
				9EB6D7672AF8727F00ED214C /* Frameworks */,
				9EB6D7682AF8727F00ED214C /* Resources */,
			);
			buildRules = (
			);
			dependencies = (
			);
			name = PersonalBlog;
			packageProductDependencies = (
				9EB6D7852AF877CC00ED214C /* FirebaseAnalytics */,
				9EB6D7892AF877CC00ED214C /* FirebaseAnalyticsSwift */,
				9EB6D7912AF877CC00ED214C /* FirebaseAuth */,
				9EB6D7952AF877CC00ED214C /* FirebaseCrashlytics */,
				9EB6D79D2AF877CC00ED214C /* FirebaseFirestore */,
				9EB6D7A12AF877CC00ED214C /* FirebaseFirestoreSwift */,
				9EB6D7AB2AF877CC00ED214C /* FirebaseInstallations */,
				9EB6D7B72AF877CC00ED214C /* FirebaseStorage */,
			);
			productName = PersonalBlog;
			productReference = 9EB6D76A2AF8727F00ED214C /* PersonalBlog.app */;
			productType = "com.apple.product-type.application";
		};
/* End PBXNativeTarget section */

/* Begin PBXProject section */
		9EB6D7622AF8727F00ED214C /* Project object */ = {
			isa = PBXProject;
			attributes = {
				BuildIndependentTargetsInParallel = 1;
				LastSwiftUpdateCheck = 1500;
				LastUpgradeCheck = 1500;
				TargetAttributes = {
					9EB6D7692AF8727F00ED214C = {
						CreatedOnToolsVersion = 15.0.1;
					};
				};
			};
			buildConfigurationList = 9EB6D7652AF8727F00ED214C /* Build configuration list for PBXProject "PersonalBlog" */;
			compatibilityVersion = "Xcode 14.0";
			developmentRegion = en;
			hasScannedForEncodings = 0;
			knownRegions = (
				en,
				Base,
			);
			mainGroup = 9EB6D7612AF8727F00ED214C;
			packageReferences = (
				9EB6D7842AF877CC00ED214C /* XCRemoteSwiftPackageReference "firebase-ios-sdk" */,
			);
			productRefGroup = 9EB6D76B2AF8727F00ED214C /* Products */;
			projectDirPath = "";
			projectRoot = "";
			targets = (
				9EB6D7692AF8727F00ED214C /* PersonalBlog */,
			);
		};
/* End PBXProject section */

/* Begin PBXResourcesBuildPhase section */
		9EB6D7682AF8727F00ED214C /* Resources */ = {
			isa = PBXResourcesBuildPhase;
			buildActionMask = 2147483647;
			files = (
				9EB6D7812AF8734900ED214C /* Launch Screen.storyboard in Resources */,
				9EB6D7832AF8777000ED214C /* GoogleService-Info.plist in Resources */,
				9EB6D7752AF8728000ED214C /* Preview Assets.xcassets in Resources */,
				9EB6D7722AF8728000ED214C /* Assets.xcassets in Resources */,
			);
			runOnlyForDeploymentPostprocessing = 0;
		};
/* End PBXResourcesBuildPhase section */

/* Begin PBXSourcesBuildPhase section */
		9EB6D7662AF8727F00ED214C /* Sources */ = {
			isa = PBXSourcesBuildPhase;
			buildActionMask = 2147483647;
			files = (
				9E887C302B031D8600D208DD /* SingUpView.swift in Sources */,
				9EB6D7CF2AF8BEB400ED214C /* BlogPostItemView.swift in Sources */,
				9EB6D7D82AF8C5DF00ED214C /* BlogPostItemViewBodyView.swift in Sources */,
				9EB6D7DC2AF9E0C100ED214C /* UserBlogPosts.swift in Sources */,
				9EB6D7CB2AF87CE700ED214C /* ProfileView.swift in Sources */,
				BD50BDD82B008A6E005250DB /* ProfilePostView.swift in Sources */,
				9EB6D7D62AF8C56D00ED214C /* BlogPostItemViewHeaderView.swift in Sources */,
				9EB6D7C32AF87A3100ED214C /* Extension.swift in Sources */,
				9EB6D7C92AF87CDD00ED214C /* HomeView.swift in Sources */,
				9EB6D7702AF8727F00ED214C /* MainView.swift in Sources */,
				9EB6D7C52AF87AF200ED214C /* MainViewViewModel.swift in Sources */,
				9E887C2E2B031D7C00D208DD /* SignInView.swift in Sources */,
				9EB6D76E2AF8727F00ED214C /* PersonalBlogApp.swift in Sources */,
				9EB6D7E42AFC940E00ED214C /* BlogPostItemDetailViewModel.swift in Sources */,
				9EB6D7DA2AF8C63700ED214C /* BlogPostItemViewFooterView.swift in Sources */,
				9EB6D7BF2AF879EE00ED214C /* User.swift in Sources */,
				9EB6D7CD2AF87E3100ED214C /* HomeViewViewModel.swift in Sources */,
				9EB6D7E22AFC87AD00ED214C /* ProfileViewViewModel.swift in Sources */,
				9EB6D7DE2AFB3D6600ED214C /* BlogPostItemDetailView.swift in Sources */,
				9EB6D7C12AF879F500ED214C /* BlogPost.swift in Sources */,
			);
			runOnlyForDeploymentPostprocessing = 0;
		};
/* End PBXSourcesBuildPhase section */

/* Begin XCBuildConfiguration section */
		9EB6D7762AF8728000ED214C /* Debug */ = {
			isa = XCBuildConfiguration;
			buildSettings = {
				ALWAYS_SEARCH_USER_PATHS = NO;
				ASSETCATALOG_COMPILER_GENERATE_SWIFT_ASSET_SYMBOL_EXTENSIONS = YES;
				CLANG_ANALYZER_NONNULL = YES;
				CLANG_ANALYZER_NUMBER_OBJECT_CONVERSION = YES_AGGRESSIVE;
				CLANG_CXX_LANGUAGE_STANDARD = "gnu++20";
				CLANG_ENABLE_MODULES = YES;
				CLANG_ENABLE_OBJC_ARC = YES;
				CLANG_ENABLE_OBJC_WEAK = YES;
				CLANG_WARN_BLOCK_CAPTURE_AUTORELEASING = YES;
				CLANG_WARN_BOOL_CONVERSION = YES;
				CLANG_WARN_COMMA = YES;
				CLANG_WARN_CONSTANT_CONVERSION = YES;
				CLANG_WARN_DEPRECATED_OBJC_IMPLEMENTATIONS = YES;
				CLANG_WARN_DIRECT_OBJC_ISA_USAGE = YES_ERROR;
				CLANG_WARN_DOCUMENTATION_COMMENTS = YES;
				CLANG_WARN_EMPTY_BODY = YES;
				CLANG_WARN_ENUM_CONVERSION = YES;
				CLANG_WARN_INFINITE_RECURSION = YES;
				CLANG_WARN_INT_CONVERSION = YES;
				CLANG_WARN_NON_LITERAL_NULL_CONVERSION = YES;
				CLANG_WARN_OBJC_IMPLICIT_RETAIN_SELF = YES;
				CLANG_WARN_OBJC_LITERAL_CONVERSION = YES;
				CLANG_WARN_OBJC_ROOT_CLASS = YES_ERROR;
				CLANG_WARN_QUOTED_INCLUDE_IN_FRAMEWORK_HEADER = YES;
				CLANG_WARN_RANGE_LOOP_ANALYSIS = YES;
				CLANG_WARN_STRICT_PROTOTYPES = YES;
				CLANG_WARN_SUSPICIOUS_MOVE = YES;
				CLANG_WARN_UNGUARDED_AVAILABILITY = YES_AGGRESSIVE;
				CLANG_WARN_UNREACHABLE_CODE = YES;
				CLANG_WARN__DUPLICATE_METHOD_MATCH = YES;
				COPY_PHASE_STRIP = NO;
				DEBUG_INFORMATION_FORMAT = dwarf;
				ENABLE_STRICT_OBJC_MSGSEND = YES;
				ENABLE_TESTABILITY = YES;
				ENABLE_USER_SCRIPT_SANDBOXING = YES;
				GCC_C_LANGUAGE_STANDARD = gnu17;
				GCC_DYNAMIC_NO_PIC = NO;
				GCC_NO_COMMON_BLOCKS = YES;
				GCC_OPTIMIZATION_LEVEL = 0;
				GCC_PREPROCESSOR_DEFINITIONS = (
					"DEBUG=1",
					"$(inherited)",
				);
				GCC_WARN_64_TO_32_BIT_CONVERSION = YES;
				GCC_WARN_ABOUT_RETURN_TYPE = YES_ERROR;
				GCC_WARN_UNDECLARED_SELECTOR = YES;
				GCC_WARN_UNINITIALIZED_AUTOS = YES_AGGRESSIVE;
				GCC_WARN_UNUSED_FUNCTION = YES;
				GCC_WARN_UNUSED_VARIABLE = YES;
				IPHONEOS_DEPLOYMENT_TARGET = 17.0;
				LOCALIZATION_PREFERS_STRING_CATALOGS = YES;
				MTL_ENABLE_DEBUG_INFO = INCLUDE_SOURCE;
				MTL_FAST_MATH = YES;
				ONLY_ACTIVE_ARCH = YES;
				SDKROOT = iphoneos;
				SWIFT_ACTIVE_COMPILATION_CONDITIONS = "DEBUG $(inherited)";
				SWIFT_OPTIMIZATION_LEVEL = "-Onone";
			};
			name = Debug;
		};
		9EB6D7772AF8728000ED214C /* Release */ = {
			isa = XCBuildConfiguration;
			buildSettings = {
				ALWAYS_SEARCH_USER_PATHS = NO;
				ASSETCATALOG_COMPILER_GENERATE_SWIFT_ASSET_SYMBOL_EXTENSIONS = YES;
				CLANG_ANALYZER_NONNULL = YES;
				CLANG_ANALYZER_NUMBER_OBJECT_CONVERSION = YES_AGGRESSIVE;
				CLANG_CXX_LANGUAGE_STANDARD = "gnu++20";
				CLANG_ENABLE_MODULES = YES;
				CLANG_ENABLE_OBJC_ARC = YES;
				CLANG_ENABLE_OBJC_WEAK = YES;
				CLANG_WARN_BLOCK_CAPTURE_AUTORELEASING = YES;
				CLANG_WARN_BOOL_CONVERSION = YES;
				CLANG_WARN_COMMA = YES;
				CLANG_WARN_CONSTANT_CONVERSION = YES;
				CLANG_WARN_DEPRECATED_OBJC_IMPLEMENTATIONS = YES;
				CLANG_WARN_DIRECT_OBJC_ISA_USAGE = YES_ERROR;
				CLANG_WARN_DOCUMENTATION_COMMENTS = YES;
				CLANG_WARN_EMPTY_BODY = YES;
				CLANG_WARN_ENUM_CONVERSION = YES;
				CLANG_WARN_INFINITE_RECURSION = YES;
				CLANG_WARN_INT_CONVERSION = YES;
				CLANG_WARN_NON_LITERAL_NULL_CONVERSION = YES;
				CLANG_WARN_OBJC_IMPLICIT_RETAIN_SELF = YES;
				CLANG_WARN_OBJC_LITERAL_CONVERSION = YES;
				CLANG_WARN_OBJC_ROOT_CLASS = YES_ERROR;
				CLANG_WARN_QUOTED_INCLUDE_IN_FRAMEWORK_HEADER = YES;
				CLANG_WARN_RANGE_LOOP_ANALYSIS = YES;
				CLANG_WARN_STRICT_PROTOTYPES = YES;
				CLANG_WARN_SUSPICIOUS_MOVE = YES;
				CLANG_WARN_UNGUARDED_AVAILABILITY = YES_AGGRESSIVE;
				CLANG_WARN_UNREACHABLE_CODE = YES;
				CLANG_WARN__DUPLICATE_METHOD_MATCH = YES;
				COPY_PHASE_STRIP = NO;
				DEBUG_INFORMATION_FORMAT = "dwarf-with-dsym";
				ENABLE_NS_ASSERTIONS = NO;
				ENABLE_STRICT_OBJC_MSGSEND = YES;
				ENABLE_USER_SCRIPT_SANDBOXING = YES;
				GCC_C_LANGUAGE_STANDARD = gnu17;
				GCC_NO_COMMON_BLOCKS = YES;
				GCC_WARN_64_TO_32_BIT_CONVERSION = YES;
				GCC_WARN_ABOUT_RETURN_TYPE = YES_ERROR;
				GCC_WARN_UNDECLARED_SELECTOR = YES;
				GCC_WARN_UNINITIALIZED_AUTOS = YES_AGGRESSIVE;
				GCC_WARN_UNUSED_FUNCTION = YES;
				GCC_WARN_UNUSED_VARIABLE = YES;
				IPHONEOS_DEPLOYMENT_TARGET = 17.0;
				LOCALIZATION_PREFERS_STRING_CATALOGS = YES;
				MTL_ENABLE_DEBUG_INFO = NO;
				MTL_FAST_MATH = YES;
				SDKROOT = iphoneos;
				SWIFT_COMPILATION_MODE = wholemodule;
				VALIDATE_PRODUCT = YES;
			};
			name = Release;
		};
		9EB6D7792AF8728000ED214C /* Debug */ = {
			isa = XCBuildConfiguration;
			buildSettings = {
				ASSETCATALOG_COMPILER_APPICON_NAME = AppIcon;
				ASSETCATALOG_COMPILER_GLOBAL_ACCENT_COLOR_NAME = AccentColor;
				CODE_SIGN_STYLE = Automatic;
				CURRENT_PROJECT_VERSION = 1;
				DEVELOPMENT_ASSET_PATHS = "\"PersonalBlog/Preview Content\"";
				DEVELOPMENT_TEAM = KFKP37Q73C;
				ENABLE_PREVIEWS = YES;
				GENERATE_INFOPLIST_FILE = YES;
				INFOPLIST_KEY_CFBundleDisplayName = "Personal Blog";
				INFOPLIST_KEY_UIApplicationSceneManifest_Generation = YES;
				INFOPLIST_KEY_UIApplicationSupportsIndirectInputEvents = YES;
				INFOPLIST_KEY_UILaunchScreen_Generation = YES;
				INFOPLIST_KEY_UILaunchStoryboardName = "Launch Screen.storyboard";
				INFOPLIST_KEY_UISupportedInterfaceOrientations = UIInterfaceOrientationPortrait;
				INFOPLIST_KEY_UISupportedInterfaceOrientations_iPad = "UIInterfaceOrientationPortrait UIInterfaceOrientationPortraitUpsideDown";
				IPHONEOS_DEPLOYMENT_TARGET = 16.4;
				LD_RUNPATH_SEARCH_PATHS = (
					"$(inherited)",
					"@executable_path/Frameworks",
				);
				MARKETING_VERSION = 1.0;
				PRODUCT_BUNDLE_IDENTIFIER = co.khenbo.PersonalBlog;
				PRODUCT_NAME = "$(TARGET_NAME)";
				SWIFT_EMIT_LOC_STRINGS = YES;
				SWIFT_VERSION = 5.0;
				TARGETED_DEVICE_FAMILY = "1,2";
			};
			name = Debug;
		};
		9EB6D77A2AF8728000ED214C /* Release */ = {
			isa = XCBuildConfiguration;
			buildSettings = {
				ASSETCATALOG_COMPILER_APPICON_NAME = AppIcon;
				ASSETCATALOG_COMPILER_GLOBAL_ACCENT_COLOR_NAME = AccentColor;
				CODE_SIGN_STYLE = Automatic;
				CURRENT_PROJECT_VERSION = 1;
				DEVELOPMENT_ASSET_PATHS = "\"PersonalBlog/Preview Content\"";
				DEVELOPMENT_TEAM = KFKP37Q73C;
				ENABLE_PREVIEWS = YES;
				GENERATE_INFOPLIST_FILE = YES;
				INFOPLIST_KEY_CFBundleDisplayName = "Personal Blog";
				INFOPLIST_KEY_UIApplicationSceneManifest_Generation = YES;
				INFOPLIST_KEY_UIApplicationSupportsIndirectInputEvents = YES;
				INFOPLIST_KEY_UILaunchScreen_Generation = YES;
				INFOPLIST_KEY_UILaunchStoryboardName = "Launch Screen.storyboard";
				INFOPLIST_KEY_UISupportedInterfaceOrientations = UIInterfaceOrientationPortrait;
				INFOPLIST_KEY_UISupportedInterfaceOrientations_iPad = "UIInterfaceOrientationPortrait UIInterfaceOrientationPortraitUpsideDown";
				IPHONEOS_DEPLOYMENT_TARGET = 16.4;
				LD_RUNPATH_SEARCH_PATHS = (
					"$(inherited)",
					"@executable_path/Frameworks",
				);
				MARKETING_VERSION = 1.0;
				PRODUCT_BUNDLE_IDENTIFIER = co.khenbo.PersonalBlog;
				PRODUCT_NAME = "$(TARGET_NAME)";
				SWIFT_EMIT_LOC_STRINGS = YES;
				SWIFT_VERSION = 5.0;
				TARGETED_DEVICE_FAMILY = "1,2";
			};
			name = Release;
		};
/* End XCBuildConfiguration section */

/* Begin XCConfigurationList section */
		9EB6D7652AF8727F00ED214C /* Build configuration list for PBXProject "PersonalBlog" */ = {
			isa = XCConfigurationList;
			buildConfigurations = (
				9EB6D7762AF8728000ED214C /* Debug */,
				9EB6D7772AF8728000ED214C /* Release */,
			);
			defaultConfigurationIsVisible = 0;
			defaultConfigurationName = Release;
		};
		9EB6D7782AF8728000ED214C /* Build configuration list for PBXNativeTarget "PersonalBlog" */ = {
			isa = XCConfigurationList;
			buildConfigurations = (
				9EB6D7792AF8728000ED214C /* Debug */,
				9EB6D77A2AF8728000ED214C /* Release */,
			);
			defaultConfigurationIsVisible = 0;
			defaultConfigurationName = Release;
		};
/* End XCConfigurationList section */

/* Begin XCRemoteSwiftPackageReference section */
		9EB6D7842AF877CC00ED214C /* XCRemoteSwiftPackageReference "firebase-ios-sdk" */ = {
			isa = XCRemoteSwiftPackageReference;
			repositoryURL = "https://github.com/firebase/firebase-ios-sdk";
			requirement = {
				kind = upToNextMajorVersion;
				minimumVersion = 10.17.0;
			};
		};
/* End XCRemoteSwiftPackageReference section */

/* Begin XCSwiftPackageProductDependency section */
		9EB6D7852AF877CC00ED214C /* FirebaseAnalytics */ = {
			isa = XCSwiftPackageProductDependency;
			package = 9EB6D7842AF877CC00ED214C /* XCRemoteSwiftPackageReference "firebase-ios-sdk" */;
			productName = FirebaseAnalytics;
		};
		9EB6D7892AF877CC00ED214C /* FirebaseAnalyticsSwift */ = {
			isa = XCSwiftPackageProductDependency;
			package = 9EB6D7842AF877CC00ED214C /* XCRemoteSwiftPackageReference "firebase-ios-sdk" */;
			productName = FirebaseAnalyticsSwift;
		};
		9EB6D7912AF877CC00ED214C /* FirebaseAuth */ = {
			isa = XCSwiftPackageProductDependency;
			package = 9EB6D7842AF877CC00ED214C /* XCRemoteSwiftPackageReference "firebase-ios-sdk" */;
			productName = FirebaseAuth;
		};
		9EB6D7952AF877CC00ED214C /* FirebaseCrashlytics */ = {
			isa = XCSwiftPackageProductDependency;
			package = 9EB6D7842AF877CC00ED214C /* XCRemoteSwiftPackageReference "firebase-ios-sdk" */;
			productName = FirebaseCrashlytics;
		};
		9EB6D79D2AF877CC00ED214C /* FirebaseFirestore */ = {
			isa = XCSwiftPackageProductDependency;
			package = 9EB6D7842AF877CC00ED214C /* XCRemoteSwiftPackageReference "firebase-ios-sdk" */;
			productName = FirebaseFirestore;
		};
		9EB6D7A12AF877CC00ED214C /* FirebaseFirestoreSwift */ = {
			isa = XCSwiftPackageProductDependency;
			package = 9EB6D7842AF877CC00ED214C /* XCRemoteSwiftPackageReference "firebase-ios-sdk" */;
			productName = FirebaseFirestoreSwift;
		};
		9EB6D7AB2AF877CC00ED214C /* FirebaseInstallations */ = {
			isa = XCSwiftPackageProductDependency;
			package = 9EB6D7842AF877CC00ED214C /* XCRemoteSwiftPackageReference "firebase-ios-sdk" */;
			productName = FirebaseInstallations;
		};
		9EB6D7B72AF877CC00ED214C /* FirebaseStorage */ = {
			isa = XCSwiftPackageProductDependency;
			package = 9EB6D7842AF877CC00ED214C /* XCRemoteSwiftPackageReference "firebase-ios-sdk" */;
			productName = FirebaseStorage;
		};
/* End XCSwiftPackageProductDependency section */
	};
	rootObject = 9EB6D7622AF8727F00ED214C /* Project object */;
}
