// !$*UTF8*$!
{
	archiveVersion = 1;
	classes = {
	};
	objectVersion = 56;
	objects = {

/* Begin PBXBuildFile section */
		BD03452A2ADBEAF4008EF898 /* AirbnbApp.swift in Sources */ = {isa = PBXBuildFile; fileRef = BD0345292ADBEAF4008EF898 /* AirbnbApp.swift */; };
		BD03452C2ADBEAF4008EF898 /* ContentView.swift in Sources */ = {isa = PBXBuildFile; fileRef = BD03452B2ADBEAF4008EF898 /* ContentView.swift */; };
		BD03452E2ADBEAF4008EF898 /* Assets.xcassets in Resources */ = {isa = PBXBuildFile; fileRef = BD03452D2ADBEAF4008EF898 /* Assets.xcassets */; };
		BD0345312ADBEAF4008EF898 /* Preview Assets.xcassets in Resources */ = {isa = PBXBuildFile; fileRef = BD0345302ADBEAF4008EF898 /* Preview Assets.xcassets */; };
		BD03453C2ADBEB3B008EF898 /* APIService.swift in Sources */ = {isa = PBXBuildFile; fileRef = BD03453B2ADBEB3B008EF898 /* APIService.swift */; };
		BD03453E2ADBECDF008EF898 /* AirbnbListingsView.swift in Sources */ = {isa = PBXBuildFile; fileRef = BD03453D2ADBECDF008EF898 /* AirbnbListingsView.swift */; };
		BD0345402ADBED55008EF898 /* AirbnbListingCardView.swift in Sources */ = {isa = PBXBuildFile; fileRef = BD03453F2ADBED55008EF898 /* AirbnbListingCardView.swift */; };
		BD0345422ADBED88008EF898 /* AirbnbDetailView.swift in Sources */ = {isa = PBXBuildFile; fileRef = BD0345412ADBED88008EF898 /* AirbnbDetailView.swift */; };
		BD0345442ADBEDB5008EF898 /* AirbnbListingsResponse.swift in Sources */ = {isa = PBXBuildFile; fileRef = BD0345432ADBEDB5008EF898 /* AirbnbListingsResponse.swift */; };
		BD0345462ADBEDBE008EF898 /* AirbnbListing.swift in Sources */ = {isa = PBXBuildFile; fileRef = BD0345452ADBEDBE008EF898 /* AirbnbListing.swift */; };
/* End PBXBuildFile section */

/* Begin PBXFileReference section */
		BD0345262ADBEAF4008EF898 /* Airbnb.app */ = {isa = PBXFileReference; explicitFileType = wrapper.application; includeInIndex = 0; path = Airbnb.app; sourceTree = BUILT_PRODUCTS_DIR; };
		BD0345292ADBEAF4008EF898 /* AirbnbApp.swift */ = {isa = PBXFileReference; lastKnownFileType = sourcecode.swift; path = AirbnbApp.swift; sourceTree = "<group>"; };
		BD03452B2ADBEAF4008EF898 /* ContentView.swift */ = {isa = PBXFileReference; lastKnownFileType = sourcecode.swift; path = ContentView.swift; sourceTree = "<group>"; };
		BD03452D2ADBEAF4008EF898 /* Assets.xcassets */ = {isa = PBXFileReference; lastKnownFileType = folder.assetcatalog; path = Assets.xcassets; sourceTree = "<group>"; };
		BD0345302ADBEAF4008EF898 /* Preview Assets.xcassets */ = {isa = PBXFileReference; lastKnownFileType = folder.assetcatalog; path = "Preview Assets.xcassets"; sourceTree = "<group>"; };
		BD03453B2ADBEB3B008EF898 /* APIService.swift */ = {isa = PBXFileReference; lastKnownFileType = sourcecode.swift; path = APIService.swift; sourceTree = "<group>"; };
		BD03453D2ADBECDF008EF898 /* AirbnbListingsView.swift */ = {isa = PBXFileReference; lastKnownFileType = sourcecode.swift; path = AirbnbListingsView.swift; sourceTree = "<group>"; };
		BD03453F2ADBED55008EF898 /* AirbnbListingCardView.swift */ = {isa = PBXFileReference; lastKnownFileType = sourcecode.swift; path = AirbnbListingCardView.swift; sourceTree = "<group>"; };
		BD0345412ADBED88008EF898 /* AirbnbDetailView.swift */ = {isa = PBXFileReference; lastKnownFileType = sourcecode.swift; path = AirbnbDetailView.swift; sourceTree = "<group>"; };
		BD0345432ADBEDB5008EF898 /* AirbnbListingsResponse.swift */ = {isa = PBXFileReference; lastKnownFileType = sourcecode.swift; path = AirbnbListingsResponse.swift; sourceTree = "<group>"; };
		BD0345452ADBEDBE008EF898 /* AirbnbListing.swift */ = {isa = PBXFileReference; lastKnownFileType = sourcecode.swift; path = AirbnbListing.swift; sourceTree = "<group>"; };
/* End PBXFileReference section */

/* Begin PBXFrameworksBuildPhase section */
		BD0345232ADBEAF3008EF898 /* Frameworks */ = {
			isa = PBXFrameworksBuildPhase;
			buildActionMask = 2147483647;
			files = (
			);
			runOnlyForDeploymentPostprocessing = 0;
		};
/* End PBXFrameworksBuildPhase section */

/* Begin PBXGroup section */
		BD03451D2ADBEAF3008EF898 = {
			isa = PBXGroup;
			children = (
				BD0345282ADBEAF4008EF898 /* Airbnb */,
				BD0345272ADBEAF4008EF898 /* Products */,
			);
			sourceTree = "<group>";
		};
		BD0345272ADBEAF4008EF898 /* Products */ = {
			isa = PBXGroup;
			children = (
				BD0345262ADBEAF4008EF898 /* Airbnb.app */,
			);
			name = Products;
			sourceTree = "<group>";
		};
		BD0345282ADBEAF4008EF898 /* Airbnb */ = {
			isa = PBXGroup;
			children = (
				BD03453A2ADBEB23008EF898 /* Services */,
				BD0345392ADBEB1B008EF898 /* Models */,
				BD0345382ADBEB0E008EF898 /* ViewModels */,
				BD0345372ADBEB04008EF898 /* Views */,
				BD0345292ADBEAF4008EF898 /* AirbnbApp.swift */,
				BD03452D2ADBEAF4008EF898 /* Assets.xcassets */,
				BD03452F2ADBEAF4008EF898 /* Preview Content */,
			);
			path = Airbnb;
			sourceTree = "<group>";
		};
		BD03452F2ADBEAF4008EF898 /* Preview Content */ = {
			isa = PBXGroup;
			children = (
				BD0345302ADBEAF4008EF898 /* Preview Assets.xcassets */,
			);
			path = "Preview Content";
			sourceTree = "<group>";
		};
		BD0345372ADBEB04008EF898 /* Views */ = {
			isa = PBXGroup;
			children = (
				BD03452B2ADBEAF4008EF898 /* ContentView.swift */,
				BD03453D2ADBECDF008EF898 /* AirbnbListingsView.swift */,
				BD03453F2ADBED55008EF898 /* AirbnbListingCardView.swift */,
				BD0345412ADBED88008EF898 /* AirbnbDetailView.swift */,
			);
			path = Views;
			sourceTree = "<group>";
		};
		BD0345382ADBEB0E008EF898 /* ViewModels */ = {
			isa = PBXGroup;
			children = (
			);
			path = ViewModels;
			sourceTree = "<group>";
		};
		BD0345392ADBEB1B008EF898 /* Models */ = {
			isa = PBXGroup;
			children = (
				BD0345432ADBEDB5008EF898 /* AirbnbListingsResponse.swift */,
				BD0345452ADBEDBE008EF898 /* AirbnbListing.swift */,
			);
			path = Models;
			sourceTree = "<group>";
		};
		BD03453A2ADBEB23008EF898 /* Services */ = {
			isa = PBXGroup;
			children = (
				BD03453B2ADBEB3B008EF898 /* APIService.swift */,
			);
			path = Services;
			sourceTree = "<group>";
		};
/* End PBXGroup section */

/* Begin PBXNativeTarget section */
		BD0345252ADBEAF3008EF898 /* Airbnb */ = {
			isa = PBXNativeTarget;
			buildConfigurationList = BD0345342ADBEAF4008EF898 /* Build configuration list for PBXNativeTarget "Airbnb" */;
			buildPhases = (
				BD0345222ADBEAF3008EF898 /* Sources */,
				BD0345232ADBEAF3008EF898 /* Frameworks */,
				BD0345242ADBEAF3008EF898 /* Resources */,
			);
			buildRules = (
			);
			dependencies = (
			);
			name = Airbnb;
			productName = Airbnb;
			productReference = BD0345262ADBEAF4008EF898 /* Airbnb.app */;
			productType = "com.apple.product-type.application";
		};
/* End PBXNativeTarget section */

/* Begin PBXProject section */
		BD03451E2ADBEAF3008EF898 /* Project object */ = {
			isa = PBXProject;
			attributes = {
				BuildIndependentTargetsInParallel = 1;
				LastSwiftUpdateCheck = 1430;
				LastUpgradeCheck = 1430;
				TargetAttributes = {
					BD0345252ADBEAF3008EF898 = {
						CreatedOnToolsVersion = 14.3.1;
					};
				};
			};
			buildConfigurationList = BD0345212ADBEAF3008EF898 /* Build configuration list for PBXProject "Airbnb" */;
			compatibilityVersion = "Xcode 14.0";
			developmentRegion = en;
			hasScannedForEncodings = 0;
			knownRegions = (
				en,
				Base,
			);
			mainGroup = BD03451D2ADBEAF3008EF898;
			productRefGroup = BD0345272ADBEAF4008EF898 /* Products */;
			projectDirPath = "";
			projectRoot = "";
			targets = (
				BD0345252ADBEAF3008EF898 /* Airbnb */,
			);
		};
/* End PBXProject section */

/* Begin PBXResourcesBuildPhase section */
		BD0345242ADBEAF3008EF898 /* Resources */ = {
			isa = PBXResourcesBuildPhase;
			buildActionMask = 2147483647;
			files = (
				BD0345312ADBEAF4008EF898 /* Preview Assets.xcassets in Resources */,
				BD03452E2ADBEAF4008EF898 /* Assets.xcassets in Resources */,
			);
			runOnlyForDeploymentPostprocessing = 0;
		};
/* End PBXResourcesBuildPhase section */

/* Begin PBXSourcesBuildPhase section */
		BD0345222ADBEAF3008EF898 /* Sources */ = {
			isa = PBXSourcesBuildPhase;
			buildActionMask = 2147483647;
			files = (
				BD0345442ADBEDB5008EF898 /* AirbnbListingsResponse.swift in Sources */,
				BD03452C2ADBEAF4008EF898 /* ContentView.swift in Sources */,
				BD0345422ADBED88008EF898 /* AirbnbDetailView.swift in Sources */,
				BD03453E2ADBECDF008EF898 /* AirbnbListingsView.swift in Sources */,
				BD0345402ADBED55008EF898 /* AirbnbListingCardView.swift in Sources */,
				BD03453C2ADBEB3B008EF898 /* APIService.swift in Sources */,
				BD0345462ADBEDBE008EF898 /* AirbnbListing.swift in Sources */,
				BD03452A2ADBEAF4008EF898 /* AirbnbApp.swift in Sources */,
			);
			runOnlyForDeploymentPostprocessing = 0;
		};
/* End PBXSourcesBuildPhase section */

/* Begin XCBuildConfiguration section */
		BD0345322ADBEAF4008EF898 /* Debug */ = {
			isa = XCBuildConfiguration;
			buildSettings = {
				ALWAYS_SEARCH_USER_PATHS = NO;
				CLANG_ANALYZER_NONNULL = YES;
				CLANG_ANALYZER_NUMBER_OBJECT_CONVERSION = YES_AGGRESSIVE;
				CLANG_CXX_LANGUAGE_STANDARD = "gnu++20";
				CLANG_ENABLE_MODULES = YES;
				CLANG_ENABLE_OBJC_ARC = YES;
				CLANG_ENABLE_OBJC_WEAK = YES;
				CLANG_WARN_BLOCK_CAPTURE_AUTORELEASING = YES;
				CLANG_WARN_BOOL_CONVERSION = YES;
				CLANG_WARN_COMMA = YES;
				CLANG_WARN_CONSTANT_CONVERSION = YES;
				CLANG_WARN_DEPRECATED_OBJC_IMPLEMENTATIONS = YES;
				CLANG_WARN_DIRECT_OBJC_ISA_USAGE = YES_ERROR;
				CLANG_WARN_DOCUMENTATION_COMMENTS = YES;
				CLANG_WARN_EMPTY_BODY = YES;
				CLANG_WARN_ENUM_CONVERSION = YES;
				CLANG_WARN_INFINITE_RECURSION = YES;
				CLANG_WARN_INT_CONVERSION = YES;
				CLANG_WARN_NON_LITERAL_NULL_CONVERSION = YES;
				CLANG_WARN_OBJC_IMPLICIT_RETAIN_SELF = YES;
				CLANG_WARN_OBJC_LITERAL_CONVERSION = YES;
				CLANG_WARN_OBJC_ROOT_CLASS = YES_ERROR;
				CLANG_WARN_QUOTED_INCLUDE_IN_FRAMEWORK_HEADER = YES;
				CLANG_WARN_RANGE_LOOP_ANALYSIS = YES;
				CLANG_WARN_STRICT_PROTOTYPES = YES;
				CLANG_WARN_SUSPICIOUS_MOVE = YES;
				CLANG_WARN_UNGUARDED_AVAILABILITY = YES_AGGRESSIVE;
				CLANG_WARN_UNREACHABLE_CODE = YES;
				CLANG_WARN__DUPLICATE_METHOD_MATCH = YES;
				COPY_PHASE_STRIP = NO;
				DEBUG_INFORMATION_FORMAT = dwarf;
				ENABLE_STRICT_OBJC_MSGSEND = YES;
				ENABLE_TESTABILITY = YES;
				GCC_C_LANGUAGE_STANDARD = gnu11;
				GCC_DYNAMIC_NO_PIC = NO;
				GCC_NO_COMMON_BLOCKS = YES;
				GCC_OPTIMIZATION_LEVEL = 0;
				GCC_PREPROCESSOR_DEFINITIONS = (
					"DEBUG=1",
					"$(inherited)",
				);
				GCC_WARN_64_TO_32_BIT_CONVERSION = YES;
				GCC_WARN_ABOUT_RETURN_TYPE = YES_ERROR;
				GCC_WARN_UNDECLARED_SELECTOR = YES;
				GCC_WARN_UNINITIALIZED_AUTOS = YES_AGGRESSIVE;
				GCC_WARN_UNUSED_FUNCTION = YES;
				GCC_WARN_UNUSED_VARIABLE = YES;
				IPHONEOS_DEPLOYMENT_TARGET = 16.4;
				MTL_ENABLE_DEBUG_INFO = INCLUDE_SOURCE;
				MTL_FAST_MATH = YES;
				ONLY_ACTIVE_ARCH = YES;
				SDKROOT = iphoneos;
				SWIFT_ACTIVE_COMPILATION_CONDITIONS = DEBUG;
				SWIFT_OPTIMIZATION_LEVEL = "-Onone";
			};
			name = Debug;
		};
		BD0345332ADBEAF4008EF898 /* Release */ = {
			isa = XCBuildConfiguration;
			buildSettings = {
				ALWAYS_SEARCH_USER_PATHS = NO;
				CLANG_ANALYZER_NONNULL = YES;
				CLANG_ANALYZER_NUMBER_OBJECT_CONVERSION = YES_AGGRESSIVE;
				CLANG_CXX_LANGUAGE_STANDARD = "gnu++20";
				CLANG_ENABLE_MODULES = YES;
				CLANG_ENABLE_OBJC_ARC = YES;
				CLANG_ENABLE_OBJC_WEAK = YES;
				CLANG_WARN_BLOCK_CAPTURE_AUTORELEASING = YES;
				CLANG_WARN_BOOL_CONVERSION = YES;
				CLANG_WARN_COMMA = YES;
				CLANG_WARN_CONSTANT_CONVERSION = YES;
				CLANG_WARN_DEPRECATED_OBJC_IMPLEMENTATIONS = YES;
				CLANG_WARN_DIRECT_OBJC_ISA_USAGE = YES_ERROR;
				CLANG_WARN_DOCUMENTATION_COMMENTS = YES;
				CLANG_WARN_EMPTY_BODY = YES;
				CLANG_WARN_ENUM_CONVERSION = YES;
				CLANG_WARN_INFINITE_RECURSION = YES;
				CLANG_WARN_INT_CONVERSION = YES;
				CLANG_WARN_NON_LITERAL_NULL_CONVERSION = YES;
				CLANG_WARN_OBJC_IMPLICIT_RETAIN_SELF = YES;
				CLANG_WARN_OBJC_LITERAL_CONVERSION = YES;
				CLANG_WARN_OBJC_ROOT_CLASS = YES_ERROR;
				CLANG_WARN_QUOTED_INCLUDE_IN_FRAMEWORK_HEADER = YES;
				CLANG_WARN_RANGE_LOOP_ANALYSIS = YES;
				CLANG_WARN_STRICT_PROTOTYPES = YES;
				CLANG_WARN_SUSPICIOUS_MOVE = YES;
				CLANG_WARN_UNGUARDED_AVAILABILITY = YES_AGGRESSIVE;
				CLANG_WARN_UNREACHABLE_CODE = YES;
				CLANG_WARN__DUPLICATE_METHOD_MATCH = YES;
				COPY_PHASE_STRIP = NO;
				DEBUG_INFORMATION_FORMAT = "dwarf-with-dsym";
				ENABLE_NS_ASSERTIONS = NO;
				ENABLE_STRICT_OBJC_MSGSEND = YES;
				GCC_C_LANGUAGE_STANDARD = gnu11;
				GCC_NO_COMMON_BLOCKS = YES;
				GCC_WARN_64_TO_32_BIT_CONVERSION = YES;
				GCC_WARN_ABOUT_RETURN_TYPE = YES_ERROR;
				GCC_WARN_UNDECLARED_SELECTOR = YES;
				GCC_WARN_UNINITIALIZED_AUTOS = YES_AGGRESSIVE;
				GCC_WARN_UNUSED_FUNCTION = YES;
				GCC_WARN_UNUSED_VARIABLE = YES;
				IPHONEOS_DEPLOYMENT_TARGET = 16.4;
				MTL_ENABLE_DEBUG_INFO = NO;
				MTL_FAST_MATH = YES;
				SDKROOT = iphoneos;
				SWIFT_COMPILATION_MODE = wholemodule;
				SWIFT_OPTIMIZATION_LEVEL = "-O";
				VALIDATE_PRODUCT = YES;
			};
			name = Release;
		};
		BD0345352ADBEAF4008EF898 /* Debug */ = {
			isa = XCBuildConfiguration;
			buildSettings = {
				ASSETCATALOG_COMPILER_APPICON_NAME = AppIcon;
				ASSETCATALOG_COMPILER_GLOBAL_ACCENT_COLOR_NAME = AccentColor;
				CODE_SIGN_STYLE = Automatic;
				CURRENT_PROJECT_VERSION = 1;
				DEVELOPMENT_ASSET_PATHS = "\"Airbnb/Preview Content\"";
				DEVELOPMENT_TEAM = KFKP37Q73C;
				ENABLE_PREVIEWS = YES;
				GENERATE_INFOPLIST_FILE = YES;
				INFOPLIST_KEY_UIApplicationSceneManifest_Generation = YES;
				INFOPLIST_KEY_UIApplicationSupportsIndirectInputEvents = YES;
				INFOPLIST_KEY_UILaunchScreen_Generation = YES;
				INFOPLIST_KEY_UISupportedInterfaceOrientations_iPad = "UIInterfaceOrientationPortrait UIInterfaceOrientationPortraitUpsideDown UIInterfaceOrientationLandscapeLeft UIInterfaceOrientationLandscapeRight";
				INFOPLIST_KEY_UISupportedInterfaceOrientations_iPhone = "UIInterfaceOrientationPortrait UIInterfaceOrientationLandscapeLeft UIInterfaceOrientationLandscapeRight";
				LD_RUNPATH_SEARCH_PATHS = (
					"$(inherited)",
					"@executable_path/Frameworks",
				);
				MARKETING_VERSION = 1.0;
				PRODUCT_BUNDLE_IDENTIFIER = hyonbokan.Airbnb;
				PRODUCT_NAME = "$(TARGET_NAME)";
				SWIFT_EMIT_LOC_STRINGS = YES;
				SWIFT_VERSION = 5.0;
				TARGETED_DEVICE_FAMILY = "1,2";
			};
			name = Debug;
		};
		BD0345362ADBEAF4008EF898 /* Release */ = {
			isa = XCBuildConfiguration;
			buildSettings = {
				ASSETCATALOG_COMPILER_APPICON_NAME = AppIcon;
				ASSETCATALOG_COMPILER_GLOBAL_ACCENT_COLOR_NAME = AccentColor;
				CODE_SIGN_STYLE = Automatic;
				CURRENT_PROJECT_VERSION = 1;
				DEVELOPMENT_ASSET_PATHS = "\"Airbnb/Preview Content\"";
				DEVELOPMENT_TEAM = KFKP37Q73C;
				ENABLE_PREVIEWS = YES;
				GENERATE_INFOPLIST_FILE = YES;
				INFOPLIST_KEY_UIApplicationSceneManifest_Generation = YES;
				INFOPLIST_KEY_UIApplicationSupportsIndirectInputEvents = YES;
				INFOPLIST_KEY_UILaunchScreen_Generation = YES;
				INFOPLIST_KEY_UISupportedInterfaceOrientations_iPad = "UIInterfaceOrientationPortrait UIInterfaceOrientationPortraitUpsideDown UIInterfaceOrientationLandscapeLeft UIInterfaceOrientationLandscapeRight";
				INFOPLIST_KEY_UISupportedInterfaceOrientations_iPhone = "UIInterfaceOrientationPortrait UIInterfaceOrientationLandscapeLeft UIInterfaceOrientationLandscapeRight";
				LD_RUNPATH_SEARCH_PATHS = (
					"$(inherited)",
					"@executable_path/Frameworks",
				);
				MARKETING_VERSION = 1.0;
				PRODUCT_BUNDLE_IDENTIFIER = hyonbokan.Airbnb;
				PRODUCT_NAME = "$(TARGET_NAME)";
				SWIFT_EMIT_LOC_STRINGS = YES;
				SWIFT_VERSION = 5.0;
				TARGETED_DEVICE_FAMILY = "1,2";
			};
			name = Release;
		};
/* End XCBuildConfiguration section */

/* Begin XCConfigurationList section */
		BD0345212ADBEAF3008EF898 /* Build configuration list for PBXProject "Airbnb" */ = {
			isa = XCConfigurationList;
			buildConfigurations = (
				BD0345322ADBEAF4008EF898 /* Debug */,
				BD0345332ADBEAF4008EF898 /* Release */,
			);
			defaultConfigurationIsVisible = 0;
			defaultConfigurationName = Release;
		};
		BD0345342ADBEAF4008EF898 /* Build configuration list for PBXNativeTarget "Airbnb" */ = {
			isa = XCConfigurationList;
			buildConfigurations = (
				BD0345352ADBEAF4008EF898 /* Debug */,
				BD0345362ADBEAF4008EF898 /* Release */,
			);
			defaultConfigurationIsVisible = 0;
			defaultConfigurationName = Release;
		};
/* End XCConfigurationList section */
	};
	rootObject = BD03451E2ADBEAF3008EF898 /* Project object */;
}
